// !$*UTF8*$!
{
	archiveVersion = 1;
	classes = {
	};
	objectVersion = 48;
	objects = {

/* Begin PBXBuildFile section */
		AE6245BB1FB2779200509095 /* Output.m in Sources */ = {isa = PBXBuildFile; fileRef = AE6245BA1FB2779200509095 /* Output.m */; };
		AEEA94951FAE2FBD00F50BF6 /* AppDelegate.m in Sources */ = {isa = PBXBuildFile; fileRef = AEEA94941FAE2FBD00F50BF6 /* AppDelegate.m */; };
		AEEA94971FAE2FBD00F50BF6 /* art.scnassets in Resources */ = {isa = PBXBuildFile; fileRef = AEEA94961FAE2FBD00F50BF6 /* art.scnassets */; };
		AEEA949A1FAE2FBD00F50BF6 /* ViewController.m in Sources */ = {isa = PBXBuildFile; fileRef = AEEA94991FAE2FBD00F50BF6 /* ViewController.m */; };
		AEEA949D1FAE2FBD00F50BF6 /* Main.storyboard in Resources */ = {isa = PBXBuildFile; fileRef = AEEA949B1FAE2FBD00F50BF6 /* Main.storyboard */; };
		AEEA949F1FAE2FBD00F50BF6 /* Assets.xcassets in Resources */ = {isa = PBXBuildFile; fileRef = AEEA949E1FAE2FBD00F50BF6 /* Assets.xcassets */; };
		AEEA94A21FAE2FBD00F50BF6 /* LaunchScreen.storyboard in Resources */ = {isa = PBXBuildFile; fileRef = AEEA94A01FAE2FBD00F50BF6 /* LaunchScreen.storyboard */; };
		AEEA94A51FAE2FBD00F50BF6 /* main.m in Sources */ = {isa = PBXBuildFile; fileRef = AEEA94A41FAE2FBD00F50BF6 /* main.m */; };
		AEEA94AF1FAE2FBD00F50BF6 /* KitRecord3Tests.m in Sources */ = {isa = PBXBuildFile; fileRef = AEEA94AE1FAE2FBD00F50BF6 /* KitRecord3Tests.m */; };
		AEEA94BA1FAE2FBD00F50BF6 /* KitRecord3UITests.m in Sources */ = {isa = PBXBuildFile; fileRef = AEEA94B91FAE2FBD00F50BF6 /* KitRecord3UITests.m */; };
/* End PBXBuildFile section */

/* Begin PBXContainerItemProxy section */
		AEEA94AB1FAE2FBD00F50BF6 /* PBXContainerItemProxy */ = {
			isa = PBXContainerItemProxy;
			containerPortal = AEEA94881FAE2FBD00F50BF6 /* Project object */;
			proxyType = 1;
			remoteGlobalIDString = AEEA948F1FAE2FBD00F50BF6;
			remoteInfo = KitRecord3;
		};
		AEEA94B61FAE2FBD00F50BF6 /* PBXContainerItemProxy */ = {
			isa = PBXContainerItemProxy;
			containerPortal = AEEA94881FAE2FBD00F50BF6 /* Project object */;
			proxyType = 1;
			remoteGlobalIDString = AEEA948F1FAE2FBD00F50BF6;
			remoteInfo = KitRecord3;
		};
/* End PBXContainerItemProxy section */

/* Begin PBXFileReference section */
		AE6245BA1FB2779200509095 /* Output.m */ = {isa = PBXFileReference; lastKnownFileType = sourcecode.c.objc; path = Output.m; sourceTree = "<group>"; };
		AE6245BC1FB2796600509095 /* Output.h */ = {isa = PBXFileReference; lastKnownFileType = sourcecode.c.h; path = Output.h; sourceTree = "<group>"; };
		AEEA94901FAE2FBD00F50BF6 /* KitRecord3.app */ = {isa = PBXFileReference; explicitFileType = wrapper.application; includeInIndex = 0; path = KitRecord3.app; sourceTree = BUILT_PRODUCTS_DIR; };
		AEEA94931FAE2FBD00F50BF6 /* AppDelegate.h */ = {isa = PBXFileReference; lastKnownFileType = sourcecode.c.h; path = AppDelegate.h; sourceTree = "<group>"; };
		AEEA94941FAE2FBD00F50BF6 /* AppDelegate.m */ = {isa = PBXFileReference; lastKnownFileType = sourcecode.c.objc; path = AppDelegate.m; sourceTree = "<group>"; };
		AEEA94961FAE2FBD00F50BF6 /* art.scnassets */ = {isa = PBXFileReference; lastKnownFileType = wrapper.scnassets; path = art.scnassets; sourceTree = "<group>"; };
		AEEA94981FAE2FBD00F50BF6 /* ViewController.h */ = {isa = PBXFileReference; lastKnownFileType = sourcecode.c.h; path = ViewController.h; sourceTree = "<group>"; };
		AEEA94991FAE2FBD00F50BF6 /* ViewController.m */ = {isa = PBXFileReference; lastKnownFileType = sourcecode.c.objc; path = ViewController.m; sourceTree = "<group>"; };
		AEEA949C1FAE2FBD00F50BF6 /* Base */ = {isa = PBXFileReference; lastKnownFileType = file.storyboard; name = Base; path = Base.lproj/Main.storyboard; sourceTree = "<group>"; };
		AEEA949E1FAE2FBD00F50BF6 /* Assets.xcassets */ = {isa = PBXFileReference; lastKnownFileType = folder.assetcatalog; path = Assets.xcassets; sourceTree = "<group>"; };
		AEEA94A11FAE2FBD00F50BF6 /* Base */ = {isa = PBXFileReference; lastKnownFileType = file.storyboard; name = Base; path = Base.lproj/LaunchScreen.storyboard; sourceTree = "<group>"; };
		AEEA94A31FAE2FBD00F50BF6 /* Info.plist */ = {isa = PBXFileReference; lastKnownFileType = text.plist.xml; path = Info.plist; sourceTree = "<group>"; };
		AEEA94A41FAE2FBD00F50BF6 /* main.m */ = {isa = PBXFileReference; lastKnownFileType = sourcecode.c.objc; path = main.m; sourceTree = "<group>"; };
		AEEA94AA1FAE2FBD00F50BF6 /* KitRecord3Tests.xctest */ = {isa = PBXFileReference; explicitFileType = wrapper.cfbundle; includeInIndex = 0; path = KitRecord3Tests.xctest; sourceTree = BUILT_PRODUCTS_DIR; };
		AEEA94AE1FAE2FBD00F50BF6 /* KitRecord3Tests.m */ = {isa = PBXFileReference; lastKnownFileType = sourcecode.c.objc; path = KitRecord3Tests.m; sourceTree = "<group>"; };
		AEEA94B01FAE2FBD00F50BF6 /* Info.plist */ = {isa = PBXFileReference; lastKnownFileType = text.plist.xml; path = Info.plist; sourceTree = "<group>"; };
		AEEA94B51FAE2FBD00F50BF6 /* KitRecord3UITests.xctest */ = {isa = PBXFileReference; explicitFileType = wrapper.cfbundle; includeInIndex = 0; path = KitRecord3UITests.xctest; sourceTree = BUILT_PRODUCTS_DIR; };
		AEEA94B91FAE2FBD00F50BF6 /* KitRecord3UITests.m */ = {isa = PBXFileReference; lastKnownFileType = sourcecode.c.objc; path = KitRecord3UITests.m; sourceTree = "<group>"; };
		AEEA94BB1FAE2FBD00F50BF6 /* Info.plist */ = {isa = PBXFileReference; lastKnownFileType = text.plist.xml; path = Info.plist; sourceTree = "<group>"; };
/* End PBXFileReference section */

/* Begin PBXFrameworksBuildPhase section */
		AEEA948D1FAE2FBD00F50BF6 /* Frameworks */ = {
			isa = PBXFrameworksBuildPhase;
			buildActionMask = 2147483647;
			files = (
			);
			runOnlyForDeploymentPostprocessing = 0;
		};
		AEEA94A71FAE2FBD00F50BF6 /* Frameworks */ = {
			isa = PBXFrameworksBuildPhase;
			buildActionMask = 2147483647;
			files = (
			);
			runOnlyForDeploymentPostprocessing = 0;
		};
		AEEA94B21FAE2FBD00F50BF6 /* Frameworks */ = {
			isa = PBXFrameworksBuildPhase;
			buildActionMask = 2147483647;
			files = (
			);
			runOnlyForDeploymentPostprocessing = 0;
		};
/* End PBXFrameworksBuildPhase section */

/* Begin PBXGroup section */
		AEEA94871FAE2FBD00F50BF6 = {
			isa = PBXGroup;
			children = (
				AEEA94921FAE2FBD00F50BF6 /* KitRecord3 */,
				AEEA94AD1FAE2FBD00F50BF6 /* KitRecord3Tests */,
				AEEA94B81FAE2FBD00F50BF6 /* KitRecord3UITests */,
				AEEA94911FAE2FBD00F50BF6 /* Products */,
			);
			sourceTree = "<group>";
		};
		AEEA94911FAE2FBD00F50BF6 /* Products */ = {
			isa = PBXGroup;
			children = (
				AEEA94901FAE2FBD00F50BF6 /* KitRecord3.app */,
				AEEA94AA1FAE2FBD00F50BF6 /* KitRecord3Tests.xctest */,
				AEEA94B51FAE2FBD00F50BF6 /* KitRecord3UITests.xctest */,
			);
			name = Products;
			sourceTree = "<group>";
		};
		AEEA94921FAE2FBD00F50BF6 /* KitRecord3 */ = {
			isa = PBXGroup;
			children = (
				AEEA94931FAE2FBD00F50BF6 /* AppDelegate.h */,
				AEEA94941FAE2FBD00F50BF6 /* AppDelegate.m */,
				AEEA94961FAE2FBD00F50BF6 /* art.scnassets */,
				AEEA94981FAE2FBD00F50BF6 /* ViewController.h */,
				AEEA94991FAE2FBD00F50BF6 /* ViewController.m */,
				AEEA949B1FAE2FBD00F50BF6 /* Main.storyboard */,
				AEEA949E1FAE2FBD00F50BF6 /* Assets.xcassets */,
				AEEA94A01FAE2FBD00F50BF6 /* LaunchScreen.storyboard */,
				AEEA94A31FAE2FBD00F50BF6 /* Info.plist */,
				AEEA94A41FAE2FBD00F50BF6 /* main.m */,
				AE6245BC1FB2796600509095 /* Output.h */,
				AE6245BA1FB2779200509095 /* Output.m */,
			);
			path = KitRecord3;
			sourceTree = "<group>";
		};
		AEEA94AD1FAE2FBD00F50BF6 /* KitRecord3Tests */ = {
			isa = PBXGroup;
			children = (
				AEEA94AE1FAE2FBD00F50BF6 /* KitRecord3Tests.m */,
				AEEA94B01FAE2FBD00F50BF6 /* Info.plist */,
			);
			path = KitRecord3Tests;
			sourceTree = "<group>";
		};
		AEEA94B81FAE2FBD00F50BF6 /* KitRecord3UITests */ = {
			isa = PBXGroup;
			children = (
				AEEA94B91FAE2FBD00F50BF6 /* KitRecord3UITests.m */,
				AEEA94BB1FAE2FBD00F50BF6 /* Info.plist */,
			);
			path = KitRecord3UITests;
			sourceTree = "<group>";
		};
/* End PBXGroup section */

/* Begin PBXNativeTarget section */
		AEEA948F1FAE2FBD00F50BF6 /* KitRecord3 */ = {
			isa = PBXNativeTarget;
			buildConfigurationList = AEEA94BE1FAE2FBD00F50BF6 /* Build configuration list for PBXNativeTarget "KitRecord3" */;
			buildPhases = (
				AEEA948C1FAE2FBD00F50BF6 /* Sources */,
				AEEA948D1FAE2FBD00F50BF6 /* Frameworks */,
				AEEA948E1FAE2FBD00F50BF6 /* Resources */,
			);
			buildRules = (
			);
			dependencies = (
			);
			name = KitRecord3;
			productName = KitRecord3;
			productReference = AEEA94901FAE2FBD00F50BF6 /* KitRecord3.app */;
			productType = "com.apple.product-type.application";
		};
		AEEA94A91FAE2FBD00F50BF6 /* KitRecord3Tests */ = {
			isa = PBXNativeTarget;
			buildConfigurationList = AEEA94C11FAE2FBD00F50BF6 /* Build configuration list for PBXNativeTarget "KitRecord3Tests" */;
			buildPhases = (
				AEEA94A61FAE2FBD00F50BF6 /* Sources */,
				AEEA94A71FAE2FBD00F50BF6 /* Frameworks */,
				AEEA94A81FAE2FBD00F50BF6 /* Resources */,
			);
			buildRules = (
			);
			dependencies = (
				AEEA94AC1FAE2FBD00F50BF6 /* PBXTargetDependency */,
			);
			name = KitRecord3Tests;
			productName = KitRecord3Tests;
			productReference = AEEA94AA1FAE2FBD00F50BF6 /* KitRecord3Tests.xctest */;
			productType = "com.apple.product-type.bundle.unit-test";
		};
		AEEA94B41FAE2FBD00F50BF6 /* KitRecord3UITests */ = {
			isa = PBXNativeTarget;
			buildConfigurationList = AEEA94C41FAE2FBD00F50BF6 /* Build configuration list for PBXNativeTarget "KitRecord3UITests" */;
			buildPhases = (
				AEEA94B11FAE2FBD00F50BF6 /* Sources */,
				AEEA94B21FAE2FBD00F50BF6 /* Frameworks */,
				AEEA94B31FAE2FBD00F50BF6 /* Resources */,
			);
			buildRules = (
			);
			dependencies = (
				AEEA94B71FAE2FBD00F50BF6 /* PBXTargetDependency */,
			);
			name = KitRecord3UITests;
			productName = KitRecord3UITests;
			productReference = AEEA94B51FAE2FBD00F50BF6 /* KitRecord3UITests.xctest */;
			productType = "com.apple.product-type.bundle.ui-testing";
		};
/* End PBXNativeTarget section */

/* Begin PBXProject section */
		AEEA94881FAE2FBD00F50BF6 /* Project object */ = {
			isa = PBXProject;
			attributes = {
				LastUpgradeCheck = 0900;
				ORGANIZATIONNAME = "Duncan Frost";
				TargetAttributes = {
					AEEA948F1FAE2FBD00F50BF6 = {
						CreatedOnToolsVersion = 9.0;
						ProvisioningStyle = Automatic;
					};
					AEEA94A91FAE2FBD00F50BF6 = {
						CreatedOnToolsVersion = 9.0;
						ProvisioningStyle = Automatic;
						TestTargetID = AEEA948F1FAE2FBD00F50BF6;
					};
					AEEA94B41FAE2FBD00F50BF6 = {
						CreatedOnToolsVersion = 9.0;
						ProvisioningStyle = Automatic;
						TestTargetID = AEEA948F1FAE2FBD00F50BF6;
					};
				};
			};
			buildConfigurationList = AEEA948B1FAE2FBD00F50BF6 /* Build configuration list for PBXProject "KitRecord3" */;
			compatibilityVersion = "Xcode 8.0";
			developmentRegion = en;
			hasScannedForEncodings = 0;
			knownRegions = (
				en,
				Base,
			);
			mainGroup = AEEA94871FAE2FBD00F50BF6;
			productRefGroup = AEEA94911FAE2FBD00F50BF6 /* Products */;
			projectDirPath = "";
			projectRoot = "";
			targets = (
				AEEA948F1FAE2FBD00F50BF6 /* KitRecord3 */,
				AEEA94A91FAE2FBD00F50BF6 /* KitRecord3Tests */,
				AEEA94B41FAE2FBD00F50BF6 /* KitRecord3UITests */,
			);
		};
/* End PBXProject section */

/* Begin PBXResourcesBuildPhase section */
		AEEA948E1FAE2FBD00F50BF6 /* Resources */ = {
			isa = PBXResourcesBuildPhase;
			buildActionMask = 2147483647;
			files = (
				AEEA94971FAE2FBD00F50BF6 /* art.scnassets in Resources */,
				AEEA94A21FAE2FBD00F50BF6 /* LaunchScreen.storyboard in Resources */,
				AEEA949F1FAE2FBD00F50BF6 /* Assets.xcassets in Resources */,
				AEEA949D1FAE2FBD00F50BF6 /* Main.storyboard in Resources */,
			);
			runOnlyForDeploymentPostprocessing = 0;
		};
		AEEA94A81FAE2FBD00F50BF6 /* Resources */ = {
			isa = PBXResourcesBuildPhase;
			buildActionMask = 2147483647;
			files = (
			);
			runOnlyForDeploymentPostprocessing = 0;
		};
		AEEA94B31FAE2FBD00F50BF6 /* Resources */ = {
			isa = PBXResourcesBuildPhase;
			buildActionMask = 2147483647;
			files = (
			);
			runOnlyForDeploymentPostprocessing = 0;
		};
/* End PBXResourcesBuildPhase section */

/* Begin PBXSourcesBuildPhase section */
		AEEA948C1FAE2FBD00F50BF6 /* Sources */ = {
			isa = PBXSourcesBuildPhase;
			buildActionMask = 2147483647;
			files = (
				AE6245BB1FB2779200509095 /* Output.m in Sources */,
				AEEA949A1FAE2FBD00F50BF6 /* ViewController.m in Sources */,
				AEEA94A51FAE2FBD00F50BF6 /* main.m in Sources */,
				AEEA94951FAE2FBD00F50BF6 /* AppDelegate.m in Sources */,
			);
			runOnlyForDeploymentPostprocessing = 0;
		};
		AEEA94A61FAE2FBD00F50BF6 /* Sources */ = {
			isa = PBXSourcesBuildPhase;
			buildActionMask = 2147483647;
			files = (
				AEEA94AF1FAE2FBD00F50BF6 /* KitRecord3Tests.m in Sources */,
			);
			runOnlyForDeploymentPostprocessing = 0;
		};
		AEEA94B11FAE2FBD00F50BF6 /* Sources */ = {
			isa = PBXSourcesBuildPhase;
			buildActionMask = 2147483647;
			files = (
				AEEA94BA1FAE2FBD00F50BF6 /* KitRecord3UITests.m in Sources */,
			);
			runOnlyForDeploymentPostprocessing = 0;
		};
/* End PBXSourcesBuildPhase section */

/* Begin PBXTargetDependency section */
		AEEA94AC1FAE2FBD00F50BF6 /* PBXTargetDependency */ = {
			isa = PBXTargetDependency;
			target = AEEA948F1FAE2FBD00F50BF6 /* KitRecord3 */;
			targetProxy = AEEA94AB1FAE2FBD00F50BF6 /* PBXContainerItemProxy */;
		};
		AEEA94B71FAE2FBD00F50BF6 /* PBXTargetDependency */ = {
			isa = PBXTargetDependency;
			target = AEEA948F1FAE2FBD00F50BF6 /* KitRecord3 */;
			targetProxy = AEEA94B61FAE2FBD00F50BF6 /* PBXContainerItemProxy */;
		};
/* End PBXTargetDependency section */

/* Begin PBXVariantGroup section */
		AEEA949B1FAE2FBD00F50BF6 /* Main.storyboard */ = {
			isa = PBXVariantGroup;
			children = (
				AEEA949C1FAE2FBD00F50BF6 /* Base */,
			);
			name = Main.storyboard;
			sourceTree = "<group>";
		};
		AEEA94A01FAE2FBD00F50BF6 /* LaunchScreen.storyboard */ = {
			isa = PBXVariantGroup;
			children = (
				AEEA94A11FAE2FBD00F50BF6 /* Base */,
			);
			name = LaunchScreen.storyboard;
			sourceTree = "<group>";
		};
/* End PBXVariantGroup section */

/* Begin XCBuildConfiguration section */
		AEEA94BC1FAE2FBD00F50BF6 /* Debug */ = {
			isa = XCBuildConfiguration;
			buildSettings = {
				ALWAYS_SEARCH_USER_PATHS = NO;
				CLANG_ANALYZER_NONNULL = YES;
				CLANG_ANALYZER_NUMBER_OBJECT_CONVERSION = YES_AGGRESSIVE;
				CLANG_CXX_LANGUAGE_STANDARD = "gnu++14";
				CLANG_CXX_LIBRARY = "libc++";
				CLANG_ENABLE_MODULES = YES;
				CLANG_ENABLE_OBJC_ARC = YES;
				CLANG_WARN_BLOCK_CAPTURE_AUTORELEASING = YES;
				CLANG_WARN_BOOL_CONVERSION = YES;
				CLANG_WARN_COMMA = YES;
				CLANG_WARN_CONSTANT_CONVERSION = YES;
				CLANG_WARN_DIRECT_OBJC_ISA_USAGE = YES_ERROR;
				CLANG_WARN_DOCUMENTATION_COMMENTS = YES;
				CLANG_WARN_EMPTY_BODY = YES;
				CLANG_WARN_ENUM_CONVERSION = YES;
				CLANG_WARN_INFINITE_RECURSION = YES;
				CLANG_WARN_INT_CONVERSION = YES;
				CLANG_WARN_NON_LITERAL_NULL_CONVERSION = YES;
				CLANG_WARN_OBJC_LITERAL_CONVERSION = YES;
				CLANG_WARN_OBJC_ROOT_CLASS = YES_ERROR;
				CLANG_WARN_RANGE_LOOP_ANALYSIS = YES;
				CLANG_WARN_STRICT_PROTOTYPES = YES;
				CLANG_WARN_SUSPICIOUS_MOVE = YES;
				CLANG_WARN_UNGUARDED_AVAILABILITY = YES_AGGRESSIVE;
				CLANG_WARN_UNREACHABLE_CODE = YES;
				CLANG_WARN__DUPLICATE_METHOD_MATCH = YES;
				CODE_SIGN_IDENTITY = "iPhone Developer";
				COPY_PHASE_STRIP = NO;
				DEBUG_INFORMATION_FORMAT = dwarf;
				ENABLE_STRICT_OBJC_MSGSEND = YES;
				ENABLE_TESTABILITY = YES;
				GCC_C_LANGUAGE_STANDARD = gnu11;
				GCC_DYNAMIC_NO_PIC = NO;
				GCC_NO_COMMON_BLOCKS = YES;
				GCC_OPTIMIZATION_LEVEL = 0;
				GCC_PREPROCESSOR_DEFINITIONS = (
					"DEBUG=1",
					"$(inherited)",
				);
				GCC_WARN_64_TO_32_BIT_CONVERSION = YES;
				GCC_WARN_ABOUT_RETURN_TYPE = YES_ERROR;
				GCC_WARN_UNDECLARED_SELECTOR = YES;
				GCC_WARN_UNINITIALIZED_AUTOS = YES_AGGRESSIVE;
				GCC_WARN_UNUSED_FUNCTION = YES;
				GCC_WARN_UNUSED_VARIABLE = YES;
				IPHONEOS_DEPLOYMENT_TARGET = 11.0;
				MTL_ENABLE_DEBUG_INFO = YES;
				ONLY_ACTIVE_ARCH = YES;
				SDKROOT = iphoneos;
			};
			name = Debug;
		};
		AEEA94BD1FAE2FBD00F50BF6 /* Release */ = {
			isa = XCBuildConfiguration;
			buildSettings = {
				ALWAYS_SEARCH_USER_PATHS = NO;
				CLANG_ANALYZER_NONNULL = YES;
				CLANG_ANALYZER_NUMBER_OBJECT_CONVERSION = YES_AGGRESSIVE;
				CLANG_CXX_LANGUAGE_STANDARD = "gnu++14";
				CLANG_CXX_LIBRARY = "libc++";
				CLANG_ENABLE_MODULES = YES;
				CLANG_ENABLE_OBJC_ARC = YES;
				CLANG_WARN_BLOCK_CAPTURE_AUTORELEASING = YES;
				CLANG_WARN_BOOL_CONVERSION = YES;
				CLANG_WARN_COMMA = YES;
				CLANG_WARN_CONSTANT_CONVERSION = YES;
				CLANG_WARN_DIRECT_OBJC_ISA_USAGE = YES_ERROR;
				CLANG_WARN_DOCUMENTATION_COMMENTS = YES;
				CLANG_WARN_EMPTY_BODY = YES;
				CLANG_WARN_ENUM_CONVERSION = YES;
				CLANG_WARN_INFINITE_RECURSION = YES;
				CLANG_WARN_INT_CONVERSION = YES;
				CLANG_WARN_NON_LITERAL_NULL_CONVERSION = YES;
				CLANG_WARN_OBJC_LITERAL_CONVERSION = YES;
				CLANG_WARN_OBJC_ROOT_CLASS = YES_ERROR;
				CLANG_WARN_RANGE_LOOP_ANALYSIS = YES;
				CLANG_WARN_STRICT_PROTOTYPES = YES;
				CLANG_WARN_SUSPICIOUS_MOVE = YES;
				CLANG_WARN_UNGUARDED_AVAILABILITY = YES_AGGRESSIVE;
				CLANG_WARN_UNREACHABLE_CODE = YES;
				CLANG_WARN__DUPLICATE_METHOD_MATCH = YES;
				CODE_SIGN_IDENTITY = "iPhone Developer";
				COPY_PHASE_STRIP = NO;
				DEBUG_INFORMATION_FORMAT = "dwarf-with-dsym";
				ENABLE_NS_ASSERTIONS = NO;
				ENABLE_STRICT_OBJC_MSGSEND = YES;
				GCC_C_LANGUAGE_STANDARD = gnu11;
				GCC_NO_COMMON_BLOCKS = YES;
				GCC_WARN_64_TO_32_BIT_CONVERSION = YES;
				GCC_WARN_ABOUT_RETURN_TYPE = YES_ERROR;
				GCC_WARN_UNDECLARED_SELECTOR = YES;
				GCC_WARN_UNINITIALIZED_AUTOS = YES_AGGRESSIVE;
				GCC_WARN_UNUSED_FUNCTION = YES;
				GCC_WARN_UNUSED_VARIABLE = YES;
				IPHONEOS_DEPLOYMENT_TARGET = 11.0;
				MTL_ENABLE_DEBUG_INFO = NO;
				SDKROOT = iphoneos;
				VALIDATE_PRODUCT = YES;
			};
			name = Release;
		};
		AEEA94BF1FAE2FBD00F50BF6 /* Debug */ = {
			isa = XCBuildConfiguration;
			buildSettings = {
				ASSETCATALOG_COMPILER_APPICON_NAME = AppIcon;
				CODE_SIGN_STYLE = Automatic;
				DEVELOPMENT_TEAM = YBUAXQ5LUK;
				INFOPLIST_FILE = KitRecord3/Info.plist;
				LD_RUNPATH_SEARCH_PATHS = "$(inherited) @executable_path/Frameworks";
				PRODUCT_BUNDLE_IDENTIFIER = Duncan.KitRecord3;
				PRODUCT_NAME = "$(TARGET_NAME)";
				TARGETED_DEVICE_FAMILY = "1,2";
			};
			name = Debug;
		};
		AEEA94C01FAE2FBD00F50BF6 /* Release */ = {
			isa = XCBuildConfiguration;
			buildSettings = {
				ASSETCATALOG_COMPILER_APPICON_NAME = AppIcon;
				CODE_SIGN_STYLE = Automatic;
				DEVELOPMENT_TEAM = YBUAXQ5LUK;
				INFOPLIST_FILE = KitRecord3/Info.plist;
				LD_RUNPATH_SEARCH_PATHS = "$(inherited) @executable_path/Frameworks";
				PRODUCT_BUNDLE_IDENTIFIER = Duncan.KitRecord3;
				PRODUCT_NAME = "$(TARGET_NAME)";
				TARGETED_DEVICE_FAMILY = "1,2";
			};
			name = Release;
		};
		AEEA94C21FAE2FBD00F50BF6 /* Debug */ = {
			isa = XCBuildConfiguration;
			buildSettings = {
				BUNDLE_LOADER = "$(TEST_HOST)";
				CODE_SIGN_STYLE = Automatic;
				DEVELOPMENT_TEAM = YBUAXQ5LUK;
				INFOPLIST_FILE = KitRecord3Tests/Info.plist;
				LD_RUNPATH_SEARCH_PATHS = "$(inherited) @executable_path/Frameworks @loader_path/Frameworks";
				PRODUCT_BUNDLE_IDENTIFIER = Duncan.KitRecord3Tests;
				PRODUCT_NAME = "$(TARGET_NAME)";
				TARGETED_DEVICE_FAMILY = "1,2";
				TEST_HOST = "$(BUILT_PRODUCTS_DIR)/KitRecord3.app/KitRecord3";
			};
			name = Debug;
		};
		AEEA94C31FAE2FBD00F50BF6 /* Release */ = {
			isa = XCBuildConfiguration;
			buildSettings = {
				BUNDLE_LOADER = "$(TEST_HOST)";
				CODE_SIGN_STYLE = Automatic;
				DEVELOPMENT_TEAM = YBUAXQ5LUK;
				INFOPLIST_FILE = KitRecord3Tests/Info.plist;
				LD_RUNPATH_SEARCH_PATHS = "$(inherited) @executable_path/Frameworks @loader_path/Frameworks";
				PRODUCT_BUNDLE_IDENTIFIER = Duncan.KitRecord3Tests;
				PRODUCT_NAME = "$(TARGET_NAME)";
				TARGETED_DEVICE_FAMILY = "1,2";
				TEST_HOST = "$(BUILT_PRODUCTS_DIR)/KitRecord3.app/KitRecord3";
			};
			name = Release;
		};
		AEEA94C51FAE2FBD00F50BF6 /* Debug */ = {
			isa = XCBuildConfiguration;
			buildSettings = {
				CODE_SIGN_STYLE = Automatic;
				DEVELOPMENT_TEAM = YBUAXQ5LUK;
				INFOPLIST_FILE = KitRecord3UITests/Info.plist;
				LD_RUNPATH_SEARCH_PATHS = "$(inherited) @executable_path/Frameworks @loader_path/Frameworks";
				PRODUCT_BUNDLE_IDENTIFIER = Duncan.KitRecord3UITests;
				PRODUCT_NAME = "$(TARGET_NAME)";
				TARGETED_DEVICE_FAMILY = "1,2";
				TEST_TARGET_NAME = KitRecord3;
			};
			name = Debug;
		};
		AEEA94C61FAE2FBD00F50BF6 /* Release */ = {
			isa = XCBuildConfiguration;
			buildSettings = {
				CODE_SIGN_STYLE = Automatic;
				DEVELOPMENT_TEAM = YBUAXQ5LUK;
				INFOPLIST_FILE = KitRecord3UITests/Info.plist;
				LD_RUNPATH_SEARCH_PATHS = "$(inherited) @executable_path/Frameworks @loader_path/Frameworks";
				PRODUCT_BUNDLE_IDENTIFIER = Duncan.KitRecord3UITests;
				PRODUCT_NAME = "$(TARGET_NAME)";
				TARGETED_DEVICE_FAMILY = "1,2";
				TEST_TARGET_NAME = KitRecord3;
			};
			name = Release;
		};
/* End XCBuildConfiguration section */

/* Begin XCConfigurationList section */
		AEEA948B1FAE2FBD00F50BF6 /* Build configuration list for PBXProject "KitRecord3" */ = {
			isa = XCConfigurationList;
			buildConfigurations = (
				AEEA94BC1FAE2FBD00F50BF6 /* Debug */,
				AEEA94BD1FAE2FBD00F50BF6 /* Release */,
			);
			defaultConfigurationIsVisible = 0;
			defaultConfigurationName = Release;
		};
		AEEA94BE1FAE2FBD00F50BF6 /* Build configuration list for PBXNativeTarget "KitRecord3" */ = {
			isa = XCConfigurationList;
			buildConfigurations = (
				AEEA94BF1FAE2FBD00F50BF6 /* Debug */,
				AEEA94C01FAE2FBD00F50BF6 /* Release */,
			);
			defaultConfigurationIsVisible = 0;
			defaultConfigurationName = Release;
		};
		AEEA94C11FAE2FBD00F50BF6 /* Build configuration list for PBXNativeTarget "KitRecord3Tests" */ = {
			isa = XCConfigurationList;
			buildConfigurations = (
				AEEA94C21FAE2FBD00F50BF6 /* Debug */,
				AEEA94C31FAE2FBD00F50BF6 /* Release */,
			);
			defaultConfigurationIsVisible = 0;
			defaultConfigurationName = Release;
		};
		AEEA94C41FAE2FBD00F50BF6 /* Build configuration list for PBXNativeTarget "KitRecord3UITests" */ = {
			isa = XCConfigurationList;
			buildConfigurations = (
				AEEA94C51FAE2FBD00F50BF6 /* Debug */,
				AEEA94C61FAE2FBD00F50BF6 /* Release */,
			);
			defaultConfigurationIsVisible = 0;
			defaultConfigurationName = Release;
		};
/* End XCConfigurationList section */
	};
	rootObject = AEEA94881FAE2FBD00F50BF6 /* Project object */;
}
